
Microsoft Visual Studio Solution File, Format Version 12.00
# Visual Studio 15
Project("{FAE04EC0-301F-11D3-BF4B-00C04F79EFBC}") = "Parcial 2 - TheoLeyenda.Plugins", "Parcial 2 - TheoLeyenda.Plugins.csproj", "{27589DF3-82C0-F5E0-F5DD-4445332DDB77}"
EndProject
Project("{FAE04EC0-301F-11D3-BF4B-00C04F79EFBC}") = "Parcial 2 - TheoLeyenda", "Parcial 2 - TheoLeyenda.csproj", "{76B818A1-527B-13B2-B19F-064B6ED2211D}"
EndProject
Project("{FAE04EC0-301F-11D3-BF4B-00C04F79EFBC}") = "Parcial 2 - TheoLeyenda.Editor.Plugins", "Parcial 2 - TheoLeyenda.Editor.Plugins.csproj", "{A9DA0B47-2138-3B3B-8D83-5A047B88400E}"
EndProject
Global
	GlobalSection(SolutionConfigurationPlatforms) = preSolution
		Debug|Any CPU = Debug|Any CPU
		Release|Any CPU = Release|Any CPU
	EndGlobalSection
	GlobalSection(ProjectConfigurationPlatforms) = postSolution
		{27589DF3-82C0-F5E0-F5DD-4445332DDB77}.Debug|Any CPU.ActiveCfg = Debug|Any CPU
		{27589DF3-82C0-F5E0-F5DD-4445332DDB77}.Debug|Any CPU.Build.0 = Debug|Any CPU
		{27589DF3-82C0-F5E0-F5DD-4445332DDB77}.Release|Any CPU.ActiveCfg = Release|Any CPU
		{27589DF3-82C0-F5E0-F5DD-4445332DDB77}.Release|Any CPU.Build.0 = Release|Any CPU
		{76B818A1-527B-13B2-B19F-064B6ED2211D}.Debug|Any CPU.ActiveCfg = Debug|Any CPU
		{76B818A1-527B-13B2-B19F-064B6ED2211D}.Debug|Any CPU.Build.0 = Debug|Any CPU
		{76B818A1-527B-13B2-B19F-064B6ED2211D}.Release|Any CPU.ActiveCfg = Release|Any CPU
		{76B818A1-527B-13B2-B19F-064B6ED2211D}.Release|Any CPU.Build.0 = Release|Any CPU
		{A9DA0B47-2138-3B3B-8D83-5A047B88400E}.Debug|Any CPU.ActiveCfg = Debug|Any CPU
		{A9DA0B47-2138-3B3B-8D83-5A047B88400E}.Debug|Any CPU.Build.0 = Debug|Any CPU
		{A9DA0B47-2138-3B3B-8D83-5A047B88400E}.Release|Any CPU.ActiveCfg = Release|Any CPU
		{A9DA0B47-2138-3B3B-8D83-5A047B88400E}.Release|Any CPU.Build.0 = Release|Any CPU
	EndGlobalSection
	GlobalSection(SolutionProperties) = preSolution
		HideSolutionNode = FALSE
	EndGlobalSection
EndGlobal
